<?xml version="1.0" encoding="UTF-8"?>
<CodeBlocks_project_file>
	<FileVersion major="1" minor="6"/>
	<Project>
		<Option title="linda"/>
		<Option makefile_is_custom="1"/>
		<Option compiler="gcc"/>
		<Option virtualFolders="CMake Files\;CMake Files\src\;CMake Files\test\;CMake Files\lib\;CMake Files\lib\linda\;"/>
		<Build>
			<Target title="all">
				<Option working_dir="/home/daniell/dev/UXP1A-Linda"/>
				<Option type="4"/>
				<MakeCommands>
					<Build command="/usr/bin/make -f &quot;/home/daniell/dev/UXP1A-Linda/Makefile&quot;  VERBOSE=1 all"/>
					<CompileFile command="/usr/bin/make -f &quot;/home/daniell/dev/UXP1A-Linda/Makefile&quot;  VERBOSE=1 &quot;$file&quot;"/>
					<Clean command="/usr/bin/make -f &quot;/home/daniell/dev/UXP1A-Linda/Makefile&quot;  VERBOSE=1 clean"/>
					<DistClean command="/usr/bin/make -f &quot;/home/daniell/dev/UXP1A-Linda/Makefile&quot;  VERBOSE=1 clean"/>
				</MakeCommands>
			</Target>
			<Target title="edit_cache">
				<Option working_dir="/home/daniell/dev/UXP1A-Linda"/>
				<Option type="4"/>
				<MakeCommands>
					<Build command="/usr/bin/make -f &quot;/home/daniell/dev/UXP1A-Linda/Makefile&quot;  VERBOSE=1 edit_cache"/>
					<CompileFile command="/usr/bin/make -f &quot;/home/daniell/dev/UXP1A-Linda/Makefile&quot;  VERBOSE=1 &quot;$file&quot;"/>
					<Clean command="/usr/bin/make -f &quot;/home/daniell/dev/UXP1A-Linda/Makefile&quot;  VERBOSE=1 clean"/>
					<DistClean command="/usr/bin/make -f &quot;/home/daniell/dev/UXP1A-Linda/Makefile&quot;  VERBOSE=1 clean"/>
				</MakeCommands>
			</Target>
			<Target title="rebuild_cache">
				<Option working_dir="/home/daniell/dev/UXP1A-Linda"/>
				<Option type="4"/>
				<MakeCommands>
					<Build command="/usr/bin/make -f &quot;/home/daniell/dev/UXP1A-Linda/Makefile&quot;  VERBOSE=1 rebuild_cache"/>
					<CompileFile command="/usr/bin/make -f &quot;/home/daniell/dev/UXP1A-Linda/Makefile&quot;  VERBOSE=1 &quot;$file&quot;"/>
					<Clean command="/usr/bin/make -f &quot;/home/daniell/dev/UXP1A-Linda/Makefile&quot;  VERBOSE=1 clean"/>
					<DistClean command="/usr/bin/make -f &quot;/home/daniell/dev/UXP1A-Linda/Makefile&quot;  VERBOSE=1 clean"/>
				</MakeCommands>
			</Target>
			<Target title="lindaTestClient">
				<Option output="/home/daniell/dev/UXP1A-Linda/src/lindaTestClient" prefix_auto="0" extension_auto="0"/>
				<Option working_dir="/home/daniell/dev/UXP1A-Linda/src"/>
				<Option object_output="./"/>
				<Option type="1"/>
				<Option compiler="gcc"/>
				<Compiler>
					<Add directory="/home/daniell/dev/UXP1A-Linda/lib/linda/include"/>
				</Compiler>
				<MakeCommands>
					<Build command="/usr/bin/make -f &quot;/home/daniell/dev/UXP1A-Linda/src/Makefile&quot;  VERBOSE=1 lindaTestClient"/>
					<CompileFile command="/usr/bin/make -f &quot;/home/daniell/dev/UXP1A-Linda/src/Makefile&quot;  VERBOSE=1 &quot;$file&quot;"/>
					<Clean command="/usr/bin/make -f &quot;/home/daniell/dev/UXP1A-Linda/src/Makefile&quot;  VERBOSE=1 clean"/>
					<DistClean command="/usr/bin/make -f &quot;/home/daniell/dev/UXP1A-Linda/src/Makefile&quot;  VERBOSE=1 clean"/>
				</MakeCommands>
			</Target>
			<Target title="lindaTestClient/fast">
				<Option output="/home/daniell/dev/UXP1A-Linda/src/lindaTestClient" prefix_auto="0" extension_auto="0"/>
				<Option working_dir="/home/daniell/dev/UXP1A-Linda/src"/>
				<Option object_output="./"/>
				<Option type="1"/>
				<Option compiler="gcc"/>
				<Compiler>
					<Add directory="/home/daniell/dev/UXP1A-Linda/lib/linda/include"/>
				</Compiler>
				<MakeCommands>
					<Build command="/usr/bin/make -f &quot;/home/daniell/dev/UXP1A-Linda/src/Makefile&quot;  VERBOSE=1 lindaTestClient/fast"/>
					<CompileFile command="/usr/bin/make -f &quot;/home/daniell/dev/UXP1A-Linda/src/Makefile&quot;  VERBOSE=1 &quot;$file&quot;"/>
					<Clean command="/usr/bin/make -f &quot;/home/daniell/dev/UXP1A-Linda/src/Makefile&quot;  VERBOSE=1 clean"/>
					<DistClean command="/usr/bin/make -f &quot;/home/daniell/dev/UXP1A-Linda/src/Makefile&quot;  VERBOSE=1 clean"/>
				</MakeCommands>
			</Target>
			<Target title="lindaTestHost">
				<Option output="/home/daniell/dev/UXP1A-Linda/src/lindaTestHost" prefix_auto="0" extension_auto="0"/>
				<Option working_dir="/home/daniell/dev/UXP1A-Linda/src"/>
				<Option object_output="./"/>
				<Option type="1"/>
				<Option compiler="gcc"/>
				<Compiler>
					<Add directory="/home/daniell/dev/UXP1A-Linda/lib/linda/include"/>
				</Compiler>
				<MakeCommands>
					<Build command="/usr/bin/make -f &quot;/home/daniell/dev/UXP1A-Linda/src/Makefile&quot;  VERBOSE=1 lindaTestHost"/>
					<CompileFile command="/usr/bin/make -f &quot;/home/daniell/dev/UXP1A-Linda/src/Makefile&quot;  VERBOSE=1 &quot;$file&quot;"/>
					<Clean command="/usr/bin/make -f &quot;/home/daniell/dev/UXP1A-Linda/src/Makefile&quot;  VERBOSE=1 clean"/>
					<DistClean command="/usr/bin/make -f &quot;/home/daniell/dev/UXP1A-Linda/src/Makefile&quot;  VERBOSE=1 clean"/>
				</MakeCommands>
			</Target>
			<Target title="lindaTestHost/fast">
				<Option output="/home/daniell/dev/UXP1A-Linda/src/lindaTestHost" prefix_auto="0" extension_auto="0"/>
				<Option working_dir="/home/daniell/dev/UXP1A-Linda/src"/>
				<Option object_output="./"/>
				<Option type="1"/>
				<Option compiler="gcc"/>
				<Compiler>
					<Add directory="/home/daniell/dev/UXP1A-Linda/lib/linda/include"/>
				</Compiler>
				<MakeCommands>
					<Build command="/usr/bin/make -f &quot;/home/daniell/dev/UXP1A-Linda/src/Makefile&quot;  VERBOSE=1 lindaTestHost/fast"/>
					<CompileFile command="/usr/bin/make -f &quot;/home/daniell/dev/UXP1A-Linda/src/Makefile&quot;  VERBOSE=1 &quot;$file&quot;"/>
					<Clean command="/usr/bin/make -f &quot;/home/daniell/dev/UXP1A-Linda/src/Makefile&quot;  VERBOSE=1 clean"/>
					<DistClean command="/usr/bin/make -f &quot;/home/daniell/dev/UXP1A-Linda/src/Makefile&quot;  VERBOSE=1 clean"/>
				</MakeCommands>
			</Target>
			<Target title="linda">
				<Option output="/home/daniell/dev/UXP1A-Linda/lib/linda/liblinda.a" prefix_auto="0" extension_auto="0"/>
				<Option working_dir="/home/daniell/dev/UXP1A-Linda/lib/linda"/>
				<Option object_output="./"/>
				<Option type="2"/>
				<Option compiler="gcc"/>
				<Compiler>
					<Add directory="/home/daniell/dev/UXP1A-Linda/lib/linda/include"/>
				</Compiler>
				<MakeCommands>
					<Build command="/usr/bin/make -f &quot;/home/daniell/dev/UXP1A-Linda/lib/linda/Makefile&quot;  VERBOSE=1 linda"/>
					<CompileFile command="/usr/bin/make -f &quot;/home/daniell/dev/UXP1A-Linda/lib/linda/Makefile&quot;  VERBOSE=1 &quot;$file&quot;"/>
					<Clean command="/usr/bin/make -f &quot;/home/daniell/dev/UXP1A-Linda/lib/linda/Makefile&quot;  VERBOSE=1 clean"/>
					<DistClean command="/usr/bin/make -f &quot;/home/daniell/dev/UXP1A-Linda/lib/linda/Makefile&quot;  VERBOSE=1 clean"/>
				</MakeCommands>
			</Target>
			<Target title="linda/fast">
				<Option output="/home/daniell/dev/UXP1A-Linda/lib/linda/liblinda.a" prefix_auto="0" extension_auto="0"/>
				<Option working_dir="/home/daniell/dev/UXP1A-Linda/lib/linda"/>
				<Option object_output="./"/>
				<Option type="2"/>
				<Option compiler="gcc"/>
				<Compiler>
					<Add directory="/home/daniell/dev/UXP1A-Linda/lib/linda/include"/>
				</Compiler>
				<MakeCommands>
					<Build command="/usr/bin/make -f &quot;/home/daniell/dev/UXP1A-Linda/lib/linda/Makefile&quot;  VERBOSE=1 linda/fast"/>
					<CompileFile command="/usr/bin/make -f &quot;/home/daniell/dev/UXP1A-Linda/lib/linda/Makefile&quot;  VERBOSE=1 &quot;$file&quot;"/>
					<Clean command="/usr/bin/make -f &quot;/home/daniell/dev/UXP1A-Linda/lib/linda/Makefile&quot;  VERBOSE=1 clean"/>
					<DistClean command="/usr/bin/make -f &quot;/home/daniell/dev/UXP1A-Linda/lib/linda/Makefile&quot;  VERBOSE=1 clean"/>
				</MakeCommands>
			</Target>
		</Build>
		<Unit filename="/home/daniell/dev/UXP1A-Linda/lib/linda/include/linda.h">
			<Option target="linda"/>
		</Unit>
		<Unit filename="/home/daniell/dev/UXP1A-Linda/lib/linda/include/message.h">
			<Option target="linda"/>
		</Unit>
		<Unit filename="/home/daniell/dev/UXP1A-Linda/lib/linda/include/tuple.h">
			<Option target="linda"/>
		</Unit>
		<Unit filename="/home/daniell/dev/UXP1A-Linda/lib/linda/include/utilities.h">
			<Option target="linda"/>
		</Unit>
		<Unit filename="/home/daniell/dev/UXP1A-Linda/lib/linda/src/linda.cpp">
			<Option target="linda"/>
		</Unit>
		<Unit filename="/home/daniell/dev/UXP1A-Linda/lib/linda/src/message.cpp">
			<Option target="linda"/>
		</Unit>
		<Unit filename="/home/daniell/dev/UXP1A-Linda/src/test-client/main.cpp">
			<Option target="lindaTestClient"/>
		</Unit>
		<Unit filename="/home/daniell/dev/UXP1A-Linda/src/test-host/main.cpp">
			<Option target="lindaTestHost"/>
		</Unit>
		<Unit filename="/home/daniell/dev/UXP1A-Linda/CMakeLists.txt">
			<Option virtualFolder="CMake Files\"/>
		</Unit>
		<Unit filename="/home/daniell/dev/UXP1A-Linda/src/CMakeLists.txt">
			<Option virtualFolder="CMake Files\src\"/>
		</Unit>
		<Unit filename="/home/daniell/dev/UXP1A-Linda/test/CMakeLists.txt">
			<Option virtualFolder="CMake Files\test\"/>
		</Unit>
		<Unit filename="/home/daniell/dev/UXP1A-Linda/lib/CMakeLists.txt">
			<Option virtualFolder="CMake Files\lib\"/>
		</Unit>
		<Unit filename="/home/daniell/dev/UXP1A-Linda/lib/linda/CMakeLists.txt">
			<Option virtualFolder="CMake Files\lib\linda\"/>
		</Unit>
	</Project>
</CodeBlocks_project_file>
